
Microsoft Visual Studio Solution File, Format Version 12.00
# Visual Studio 2013
VisualStudioVersion = 12.0.21005.1
MinimumVisualStudioVersion = 10.0.40219.1
Project("{E24C65DC-7377-472B-9ABA-BC803B73C61A}") = "图书管理系统", "http://localhost:23325", "{225CA12F-C70C-4448-9077-0DF09B3BC05F}"
	ProjectSection(WebsiteProperties) = preProject
		UseIISExpress = "true"
		TargetFrameworkMoniker = ".NETFramework,Version%3Dv4.5"
		Debug.AspNetCompiler.VirtualPath = "/localhost_23325"
		Debug.AspNetCompiler.PhysicalPath = "U:\ASP\图书管理系统\"
		Debug.AspNetCompiler.TargetPath = "PrecompiledWeb\localhost_23325\"
		Debug.AspNetCompiler.Updateable = "true"
		Debug.AspNetCompiler.ForceOverwrite = "true"
		Debug.AspNetCompiler.FixedNames = "false"
		Debug.AspNetCompiler.Debug = "True"
		Release.AspNetCompiler.VirtualPath = "/localhost_23325"
		Release.AspNetCompiler.PhysicalPath = "U:\ASP\图书管理系统\"
		Release.AspNetCompiler.TargetPath = "PrecompiledWeb\localhost_23325\"
		Release.AspNetCompiler.Updateable = "true"
		Release.AspNetCompiler.ForceOverwrite = "true"
		Release.AspNetCompiler.FixedNames = "false"
		Release.AspNetCompiler.Debug = "False"
		SlnRelativePath = "U:\ASP\图书管理系统\"
	EndProjectSection
EndProject
Global
	GlobalSection(SolutionConfigurationPlatforms) = preSolution
		Debug|Any CPU = Debug|Any CPU
	EndGlobalSection
	GlobalSection(ProjectConfigurationPlatforms) = postSolution
		{225CA12F-C70C-4448-9077-0DF09B3BC05F}.Debug|Any CPU.ActiveCfg = Debug|Any CPU
		{225CA12F-C70C-4448-9077-0DF09B3BC05F}.Debug|Any CPU.Build.0 = Debug|Any CPU
	EndGlobalSection
	GlobalSection(SolutionProperties) = preSolution
		HideSolutionNode = FALSE
	EndGlobalSection
EndGlobal
